
Microsoft Visual Studio Solution File, Format Version 12.00
# Visual Studio 15
VisualStudioVersion = 15.0.27703.2000
MinimumVisualStudioVersion = 10.0.40219.1
Project("{FAE04EC0-301F-11D3-BF4B-00C04F79EFBC}") = "Aspire.web", "Aspire.web\Aspire.web.csproj", "{AC6B71EF-B623-495E-B11C-9CAFE1EE1BAE}"
EndProject
Project("{FAE04EC0-301F-11D3-BF4B-00C04F79EFBC}") = "Aspire.Common", "Aspire.Common\Aspire.Common.csproj", "{1D272F0A-FB2C-490C-BC8E-B84311EE24D2}"
EndProject
Project("{FAE04EC0-301F-11D3-BF4B-00C04F79EFBC}") = "Aspire.Data", "Aspire.Data\Aspire.Data.csproj", "{EA20425A-05D4-43E0-80B7-D1176F34A842}"
EndProject
Project("{FAE04EC0-301F-11D3-BF4B-00C04F79EFBC}") = "Aspire.Domain", "Aspire.Domain\Aspire.Domain.csproj", "{21C32F33-24DF-4DEE-B538-077A771AB717}"
EndProject
Project("{FAE04EC0-301F-11D3-BF4B-00C04F79EFBC}") = "Aspire.Services", "Aspire.Services\Aspire.Services.csproj", "{B01C29D9-29C6-4027-B0A5-DC132A5FA167}"
EndProject
Global
	GlobalSection(SolutionConfigurationPlatforms) = preSolution
		Debug|Any CPU = Debug|Any CPU
		Release|Any CPU = Release|Any CPU
	EndGlobalSection
	GlobalSection(ProjectConfigurationPlatforms) = postSolution
		{AC6B71EF-B623-495E-B11C-9CAFE1EE1BAE}.Debug|Any CPU.ActiveCfg = Debug|Any CPU
		{AC6B71EF-B623-495E-B11C-9CAFE1EE1BAE}.Debug|Any CPU.Build.0 = Debug|Any CPU
		{AC6B71EF-B623-495E-B11C-9CAFE1EE1BAE}.Release|Any CPU.ActiveCfg = Release|Any CPU
		{AC6B71EF-B623-495E-B11C-9CAFE1EE1BAE}.Release|Any CPU.Build.0 = Release|Any CPU
		{1D272F0A-FB2C-490C-BC8E-B84311EE24D2}.Debug|Any CPU.ActiveCfg = Debug|Any CPU
		{1D272F0A-FB2C-490C-BC8E-B84311EE24D2}.Debug|Any CPU.Build.0 = Debug|Any CPU
		{1D272F0A-FB2C-490C-BC8E-B84311EE24D2}.Release|Any CPU.ActiveCfg = Release|Any CPU
		{1D272F0A-FB2C-490C-BC8E-B84311EE24D2}.Release|Any CPU.Build.0 = Release|Any CPU
		{EA20425A-05D4-43E0-80B7-D1176F34A842}.Debug|Any CPU.ActiveCfg = Debug|Any CPU
		{EA20425A-05D4-43E0-80B7-D1176F34A842}.Debug|Any CPU.Build.0 = Debug|Any CPU
		{EA20425A-05D4-43E0-80B7-D1176F34A842}.Release|Any CPU.ActiveCfg = Release|Any CPU
		{EA20425A-05D4-43E0-80B7-D1176F34A842}.Release|Any CPU.Build.0 = Release|Any CPU
		{21C32F33-24DF-4DEE-B538-077A771AB717}.Debug|Any CPU.ActiveCfg = Debug|Any CPU
		{21C32F33-24DF-4DEE-B538-077A771AB717}.Debug|Any CPU.Build.0 = Debug|Any CPU
		{21C32F33-24DF-4DEE-B538-077A771AB717}.Release|Any CPU.ActiveCfg = Release|Any CPU
		{21C32F33-24DF-4DEE-B538-077A771AB717}.Release|Any CPU.Build.0 = Release|Any CPU
		{B01C29D9-29C6-4027-B0A5-DC132A5FA167}.Debug|Any CPU.ActiveCfg = Debug|Any CPU
		{B01C29D9-29C6-4027-B0A5-DC132A5FA167}.Debug|Any CPU.Build.0 = Debug|Any CPU
		{B01C29D9-29C6-4027-B0A5-DC132A5FA167}.Release|Any CPU.ActiveCfg = Release|Any CPU
		{B01C29D9-29C6-4027-B0A5-DC132A5FA167}.Release|Any CPU.Build.0 = Release|Any CPU
	EndGlobalSection
	GlobalSection(SolutionProperties) = preSolution
		HideSolutionNode = FALSE
	EndGlobalSection
	GlobalSection(ExtensibilityGlobals) = postSolution
		SolutionGuid = {DD48EC3D-2AFC-46C1-8B2A-D802F15093FB}
	EndGlobalSection
EndGlobal
